// !$*UTF8*$!
{
	archiveVersion = 1;
	classes = {
	};
	objectVersion = 50;
	objects = {

/* Begin PBXBuildFile section */
		213193FC21B1BB8900BA703D /* masterCell.swift in Sources */ = {isa = PBXBuildFile; fileRef = 213193FB21B1BB8900BA703D /* masterCell.swift */; };
		2131940021B1BC0300BA703D /* masterView.swift in Sources */ = {isa = PBXBuildFile; fileRef = 213193FF21B1BC0300BA703D /* masterView.swift */; };
		2131940221B1C84B00BA703D /* conflictsList.swift in Sources */ = {isa = PBXBuildFile; fileRef = 2131940121B1C84B00BA703D /* conflictsList.swift */; };
		2131940421B1C92100BA703D /* conflictsCell.swift in Sources */ = {isa = PBXBuildFile; fileRef = 2131940321B1C92100BA703D /* conflictsCell.swift */; };
		21337C3621B0D3F2002306BA /* AppDelegate.swift in Sources */ = {isa = PBXBuildFile; fileRef = 21337C3521B0D3F2002306BA /* AppDelegate.swift */; };
		21337C3821B0D3F2002306BA /* ViewController.swift in Sources */ = {isa = PBXBuildFile; fileRef = 21337C3721B0D3F2002306BA /* ViewController.swift */; };
		21337C3B21B0D3F2002306BA /* Main.storyboard in Resources */ = {isa = PBXBuildFile; fileRef = 21337C3921B0D3F2002306BA /* Main.storyboard */; };
		21337C3E21B0D3F3002306BA /* eventView.xcdatamodeld in Sources */ = {isa = PBXBuildFile; fileRef = 21337C3C21B0D3F3002306BA /* eventView.xcdatamodeld */; };
		21337C4021B0D3F8002306BA /* Assets.xcassets in Resources */ = {isa = PBXBuildFile; fileRef = 21337C3F21B0D3F8002306BA /* Assets.xcassets */; };
		21337C4321B0D3F8002306BA /* LaunchScreen.storyboard in Resources */ = {isa = PBXBuildFile; fileRef = 21337C4121B0D3F8002306BA /* LaunchScreen.storyboard */; };
		21337C4E21B0D3F8002306BA /* eventViewTests.swift in Sources */ = {isa = PBXBuildFile; fileRef = 21337C4D21B0D3F8002306BA /* eventViewTests.swift */; };
		21337C5921B0D3F8002306BA /* eventViewUITests.swift in Sources */ = {isa = PBXBuildFile; fileRef = 21337C5821B0D3F8002306BA /* eventViewUITests.swift */; };
		21337C6B21B0E44D002306BA /* timeCell.swift in Sources */ = {isa = PBXBuildFile; fileRef = 21337C6A21B0E44D002306BA /* timeCell.swift */; };
		2199116321B209F300506DAE /* pickerView.swift in Sources */ = {isa = PBXBuildFile; fileRef = 2199116221B209F300506DAE /* pickerView.swift */; };
/* End PBXBuildFile section */

/* Begin PBXContainerItemProxy section */
		21337C4A21B0D3F8002306BA /* PBXContainerItemProxy */ = {
			isa = PBXContainerItemProxy;
			containerPortal = 21337C2A21B0D3F2002306BA /* Project object */;
			proxyType = 1;
			remoteGlobalIDString = 21337C3121B0D3F2002306BA;
			remoteInfo = eventView;
		};
		21337C5521B0D3F8002306BA /* PBXContainerItemProxy */ = {
			isa = PBXContainerItemProxy;
			containerPortal = 21337C2A21B0D3F2002306BA /* Project object */;
			proxyType = 1;
			remoteGlobalIDString = 21337C3121B0D3F2002306BA;
			remoteInfo = eventView;
		};
/* End PBXContainerItemProxy section */

/* Begin PBXFileReference section */
		213193FB21B1BB8900BA703D /* masterCell.swift */ = {isa = PBXFileReference; lastKnownFileType = sourcecode.swift; path = masterCell.swift; sourceTree = "<group>"; };
		213193FF21B1BC0300BA703D /* masterView.swift */ = {isa = PBXFileReference; lastKnownFileType = sourcecode.swift; path = masterView.swift; sourceTree = "<group>"; };
		2131940121B1C84B00BA703D /* conflictsList.swift */ = {isa = PBXFileReference; lastKnownFileType = sourcecode.swift; path = conflictsList.swift; sourceTree = "<group>"; };
		2131940321B1C92100BA703D /* conflictsCell.swift */ = {isa = PBXFileReference; lastKnownFileType = sourcecode.swift; path = conflictsCell.swift; sourceTree = "<group>"; };
		21337C3221B0D3F2002306BA /* eventView.app */ = {isa = PBXFileReference; explicitFileType = wrapper.application; includeInIndex = 0; path = eventView.app; sourceTree = BUILT_PRODUCTS_DIR; };
		21337C3521B0D3F2002306BA /* AppDelegate.swift */ = {isa = PBXFileReference; lastKnownFileType = sourcecode.swift; path = AppDelegate.swift; sourceTree = "<group>"; };
		21337C3721B0D3F2002306BA /* ViewController.swift */ = {isa = PBXFileReference; lastKnownFileType = sourcecode.swift; path = ViewController.swift; sourceTree = "<group>"; };
		21337C3A21B0D3F2002306BA /* Base */ = {isa = PBXFileReference; lastKnownFileType = file.storyboard; name = Base; path = Base.lproj/Main.storyboard; sourceTree = "<group>"; };
		21337C3D21B0D3F3002306BA /* eventView.xcdatamodel */ = {isa = PBXFileReference; lastKnownFileType = wrapper.xcdatamodel; path = eventView.xcdatamodel; sourceTree = "<group>"; };
		21337C3F21B0D3F8002306BA /* Assets.xcassets */ = {isa = PBXFileReference; lastKnownFileType = folder.assetcatalog; path = Assets.xcassets; sourceTree = "<group>"; };
		21337C4221B0D3F8002306BA /* Base */ = {isa = PBXFileReference; lastKnownFileType = file.storyboard; name = Base; path = Base.lproj/LaunchScreen.storyboard; sourceTree = "<group>"; };
		21337C4421B0D3F8002306BA /* Info.plist */ = {isa = PBXFileReference; lastKnownFileType = text.plist.xml; path = Info.plist; sourceTree = "<group>"; };
		21337C4921B0D3F8002306BA /* eventViewTests.xctest */ = {isa = PBXFileReference; explicitFileType = wrapper.cfbundle; includeInIndex = 0; path = eventViewTests.xctest; sourceTree = BUILT_PRODUCTS_DIR; };
		21337C4D21B0D3F8002306BA /* eventViewTests.swift */ = {isa = PBXFileReference; lastKnownFileType = sourcecode.swift; path = eventViewTests.swift; sourceTree = "<group>"; };
		21337C4F21B0D3F8002306BA /* Info.plist */ = {isa = PBXFileReference; lastKnownFileType = text.plist.xml; path = Info.plist; sourceTree = "<group>"; };
		21337C5421B0D3F8002306BA /* eventViewUITests.xctest */ = {isa = PBXFileReference; explicitFileType = wrapper.cfbundle; includeInIndex = 0; path = eventViewUITests.xctest; sourceTree = BUILT_PRODUCTS_DIR; };
		21337C5821B0D3F8002306BA /* eventViewUITests.swift */ = {isa = PBXFileReference; lastKnownFileType = sourcecode.swift; path = eventViewUITests.swift; sourceTree = "<group>"; };
		21337C5A21B0D3F8002306BA /* Info.plist */ = {isa = PBXFileReference; lastKnownFileType = text.plist.xml; path = Info.plist; sourceTree = "<group>"; };
		21337C6A21B0E44D002306BA /* timeCell.swift */ = {isa = PBXFileReference; lastKnownFileType = sourcecode.swift; path = timeCell.swift; sourceTree = "<group>"; };
		2199116221B209F300506DAE /* pickerView.swift */ = {isa = PBXFileReference; lastKnownFileType = sourcecode.swift; path = pickerView.swift; sourceTree = "<group>"; };
/* End PBXFileReference section */

/* Begin PBXFrameworksBuildPhase section */
		21337C2F21B0D3F2002306BA /* Frameworks */ = {
			isa = PBXFrameworksBuildPhase;
			buildActionMask = 2147483647;
			files = (
			);
			runOnlyForDeploymentPostprocessing = 0;
		};
		21337C4621B0D3F8002306BA /* Frameworks */ = {
			isa = PBXFrameworksBuildPhase;
			buildActionMask = 2147483647;
			files = (
			);
			runOnlyForDeploymentPostprocessing = 0;
		};
		21337C5121B0D3F8002306BA /* Frameworks */ = {
			isa = PBXFrameworksBuildPhase;
			buildActionMask = 2147483647;
			files = (
			);
			runOnlyForDeploymentPostprocessing = 0;
		};
/* End PBXFrameworksBuildPhase section */

/* Begin PBXGroup section */
		21337C2921B0D3F2002306BA = {
			isa = PBXGroup;
			children = (
				21337C3421B0D3F2002306BA /* eventView */,
				21337C4C21B0D3F8002306BA /* eventViewTests */,
				21337C5721B0D3F8002306BA /* eventViewUITests */,
				21337C3321B0D3F2002306BA /* Products */,
			);
			sourceTree = "<group>";
		};
		21337C3321B0D3F2002306BA /* Products */ = {
			isa = PBXGroup;
			children = (
				21337C3221B0D3F2002306BA /* eventView.app */,
				21337C4921B0D3F8002306BA /* eventViewTests.xctest */,
				21337C5421B0D3F8002306BA /* eventViewUITests.xctest */,
			);
			name = Products;
			sourceTree = "<group>";
		};
		21337C3421B0D3F2002306BA /* eventView */ = {
			isa = PBXGroup;
			children = (
				21337C3521B0D3F2002306BA /* AppDelegate.swift */,
				21337C3721B0D3F2002306BA /* ViewController.swift */,
				213193FF21B1BC0300BA703D /* masterView.swift */,
				2131940121B1C84B00BA703D /* conflictsList.swift */,
				2131940321B1C92100BA703D /* conflictsCell.swift */,
				213193FB21B1BB8900BA703D /* masterCell.swift */,
				21337C6A21B0E44D002306BA /* timeCell.swift */,
				2199116221B209F300506DAE /* pickerView.swift */,
				21337C3921B0D3F2002306BA /* Main.storyboard */,
				21337C3F21B0D3F8002306BA /* Assets.xcassets */,
				21337C4121B0D3F8002306BA /* LaunchScreen.storyboard */,
				21337C4421B0D3F8002306BA /* Info.plist */,
				21337C3C21B0D3F3002306BA /* eventView.xcdatamodeld */,
			);
			path = eventView;
			sourceTree = "<group>";
		};
		21337C4C21B0D3F8002306BA /* eventViewTests */ = {
			isa = PBXGroup;
			children = (
				21337C4D21B0D3F8002306BA /* eventViewTests.swift */,
				21337C4F21B0D3F8002306BA /* Info.plist */,
			);
			path = eventViewTests;
			sourceTree = "<group>";
		};
		21337C5721B0D3F8002306BA /* eventViewUITests */ = {
			isa = PBXGroup;
			children = (
				21337C5821B0D3F8002306BA /* eventViewUITests.swift */,
				21337C5A21B0D3F8002306BA /* Info.plist */,
			);
			path = eventViewUITests;
			sourceTree = "<group>";
		};
/* End PBXGroup section */

/* Begin PBXNativeTarget section */
		21337C3121B0D3F2002306BA /* eventView */ = {
			isa = PBXNativeTarget;
			buildConfigurationList = 21337C5D21B0D3F8002306BA /* Build configuration list for PBXNativeTarget "eventView" */;
			buildPhases = (
				21337C2E21B0D3F2002306BA /* Sources */,
				21337C2F21B0D3F2002306BA /* Frameworks */,
				21337C3021B0D3F2002306BA /* Resources */,
			);
			buildRules = (
			);
			dependencies = (
			);
			name = eventView;
			productName = eventView;
			productReference = 21337C3221B0D3F2002306BA /* eventView.app */;
			productType = "com.apple.product-type.application";
		};
		21337C4821B0D3F8002306BA /* eventViewTests */ = {
			isa = PBXNativeTarget;
			buildConfigurationList = 21337C6021B0D3F8002306BA /* Build configuration list for PBXNativeTarget "eventViewTests" */;
			buildPhases = (
				21337C4521B0D3F8002306BA /* Sources */,
				21337C4621B0D3F8002306BA /* Frameworks */,
				21337C4721B0D3F8002306BA /* Resources */,
			);
			buildRules = (
			);
			dependencies = (
				21337C4B21B0D3F8002306BA /* PBXTargetDependency */,
			);
			name = eventViewTests;
			productName = eventViewTests;
			productReference = 21337C4921B0D3F8002306BA /* eventViewTests.xctest */;
			productType = "com.apple.product-type.bundle.unit-test";
		};
		21337C5321B0D3F8002306BA /* eventViewUITests */ = {
			isa = PBXNativeTarget;
			buildConfigurationList = 21337C6321B0D3F8002306BA /* Build configuration list for PBXNativeTarget "eventViewUITests" */;
			buildPhases = (
				21337C5021B0D3F8002306BA /* Sources */,
				21337C5121B0D3F8002306BA /* Frameworks */,
				21337C5221B0D3F8002306BA /* Resources */,
			);
			buildRules = (
			);
			dependencies = (
				21337C5621B0D3F8002306BA /* PBXTargetDependency */,
			);
			name = eventViewUITests;
			productName = eventViewUITests;
			productReference = 21337C5421B0D3F8002306BA /* eventViewUITests.xctest */;
			productType = "com.apple.product-type.bundle.ui-testing";
		};
/* End PBXNativeTarget section */

/* Begin PBXProject section */
		21337C2A21B0D3F2002306BA /* Project object */ = {
			isa = PBXProject;
			attributes = {
				LastSwiftUpdateCheck = 0940;
				LastUpgradeCheck = 0940;
				ORGANIZATIONNAME = "Pranav Buggana";
				TargetAttributes = {
					21337C3121B0D3F2002306BA = {
						CreatedOnToolsVersion = 9.4;
					};
					21337C4821B0D3F8002306BA = {
						CreatedOnToolsVersion = 9.4;
						TestTargetID = 21337C3121B0D3F2002306BA;
					};
					21337C5321B0D3F8002306BA = {
						CreatedOnToolsVersion = 9.4;
						TestTargetID = 21337C3121B0D3F2002306BA;
					};
				};
			};
			buildConfigurationList = 21337C2D21B0D3F2002306BA /* Build configuration list for PBXProject "eventView" */;
			compatibilityVersion = "Xcode 9.3";
			developmentRegion = en;
			hasScannedForEncodings = 0;
			knownRegions = (
				en,
				Base,
			);
			mainGroup = 21337C2921B0D3F2002306BA;
			productRefGroup = 21337C3321B0D3F2002306BA /* Products */;
			projectDirPath = "";
			projectRoot = "";
			targets = (
				21337C3121B0D3F2002306BA /* eventView */,
				21337C4821B0D3F8002306BA /* eventViewTests */,
				21337C5321B0D3F8002306BA /* eventViewUITests */,
			);
		};
/* End PBXProject section */

/* Begin PBXResourcesBuildPhase section */
		21337C3021B0D3F2002306BA /* Resources */ = {
			isa = PBXResourcesBuildPhase;
			buildActionMask = 2147483647;
			files = (
				21337C4321B0D3F8002306BA /* LaunchScreen.storyboard in Resources */,
				21337C4021B0D3F8002306BA /* Assets.xcassets in Resources */,
				21337C3B21B0D3F2002306BA /* Main.storyboard in Resources */,
			);
			runOnlyForDeploymentPostprocessing = 0;
		};
		21337C4721B0D3F8002306BA /* Resources */ = {
			isa = PBXResourcesBuildPhase;
			buildActionMask = 2147483647;
			files = (
			);
			runOnlyForDeploymentPostprocessing = 0;
		};
		21337C5221B0D3F8002306BA /* Resources */ = {
			isa = PBXResourcesBuildPhase;
			buildActionMask = 2147483647;
			files = (
			);
			runOnlyForDeploymentPostprocessing = 0;
		};
/* End PBXResourcesBuildPhase section */

/* Begin PBXSourcesBuildPhase section */
		21337C2E21B0D3F2002306BA /* Sources */ = {
			isa = PBXSourcesBuildPhase;
			buildActionMask = 2147483647;
			files = (
				21337C6B21B0E44D002306BA /* timeCell.swift in Sources */,
				2131940221B1C84B00BA703D /* conflictsList.swift in Sources */,
				21337C3821B0D3F2002306BA /* ViewController.swift in Sources */,
				2131940421B1C92100BA703D /* conflictsCell.swift in Sources */,
				21337C3621B0D3F2002306BA /* AppDelegate.swift in Sources */,
				213193FC21B1BB8900BA703D /* masterCell.swift in Sources */,
				2199116321B209F300506DAE /* pickerView.swift in Sources */,
				21337C3E21B0D3F3002306BA /* eventView.xcdatamodeld in Sources */,
				2131940021B1BC0300BA703D /* masterView.swift in Sources */,
			);
			runOnlyForDeploymentPostprocessing = 0;
		};
		21337C4521B0D3F8002306BA /* Sources */ = {
			isa = PBXSourcesBuildPhase;
			buildActionMask = 2147483647;
			files = (
				21337C4E21B0D3F8002306BA /* eventViewTests.swift in Sources */,
			);
			runOnlyForDeploymentPostprocessing = 0;
		};
		21337C5021B0D3F8002306BA /* Sources */ = {
			isa = PBXSourcesBuildPhase;
			buildActionMask = 2147483647;
			files = (
				21337C5921B0D3F8002306BA /* eventViewUITests.swift in Sources */,
			);
			runOnlyForDeploymentPostprocessing = 0;
		};
/* End PBXSourcesBuildPhase section */

/* Begin PBXTargetDependency section */
		21337C4B21B0D3F8002306BA /* PBXTargetDependency */ = {
			isa = PBXTargetDependency;
			target = 21337C3121B0D3F2002306BA /* eventView */;
			targetProxy = 21337C4A21B0D3F8002306BA /* PBXContainerItemProxy */;
		};
		21337C5621B0D3F8002306BA /* PBXTargetDependency */ = {
			isa = PBXTargetDependency;
			target = 21337C3121B0D3F2002306BA /* eventView */;
			targetProxy = 21337C5521B0D3F8002306BA /* PBXContainerItemProxy */;
		};
/* End PBXTargetDependency section */

/* Begin PBXVariantGroup section */
		21337C3921B0D3F2002306BA /* Main.storyboard */ = {
			isa = PBXVariantGroup;
			children = (
				21337C3A21B0D3F2002306BA /* Base */,
			);
			name = Main.storyboard;
			sourceTree = "<group>";
		};
		21337C4121B0D3F8002306BA /* LaunchScreen.storyboard */ = {
			isa = PBXVariantGroup;
			children = (
				21337C4221B0D3F8002306BA /* Base */,
			);
			name = LaunchScreen.storyboard;
			sourceTree = "<group>";
		};
/* End PBXVariantGroup section */

/* Begin XCBuildConfiguration section */
		21337C5B21B0D3F8002306BA /* Debug */ = {
			isa = XCBuildConfiguration;
			buildSettings = {
				ALWAYS_SEARCH_USER_PATHS = NO;
				CLANG_ANALYZER_NONNULL = YES;
				CLANG_ANALYZER_NUMBER_OBJECT_CONVERSION = YES_AGGRESSIVE;
				CLANG_CXX_LANGUAGE_STANDARD = "gnu++14";
				CLANG_CXX_LIBRARY = "libc++";
				CLANG_ENABLE_MODULES = YES;
				CLANG_ENABLE_OBJC_ARC = YES;
				CLANG_ENABLE_OBJC_WEAK = YES;
				CLANG_WARN_BLOCK_CAPTURE_AUTORELEASING = YES;
				CLANG_WARN_BOOL_CONVERSION = YES;
				CLANG_WARN_COMMA = YES;
				CLANG_WARN_CONSTANT_CONVERSION = YES;
				CLANG_WARN_DEPRECATED_OBJC_IMPLEMENTATIONS = YES;
				CLANG_WARN_DIRECT_OBJC_ISA_USAGE = YES_ERROR;
				CLANG_WARN_DOCUMENTATION_COMMENTS = YES;
				CLANG_WARN_EMPTY_BODY = YES;
				CLANG_WARN_ENUM_CONVERSION = YES;
				CLANG_WARN_INFINITE_RECURSION = YES;
				CLANG_WARN_INT_CONVERSION = YES;
				CLANG_WARN_NON_LITERAL_NULL_CONVERSION = YES;
				CLANG_WARN_OBJC_IMPLICIT_RETAIN_SELF = YES;
				CLANG_WARN_OBJC_LITERAL_CONVERSION = YES;
				CLANG_WARN_OBJC_ROOT_CLASS = YES_ERROR;
				CLANG_WARN_RANGE_LOOP_ANALYSIS = YES;
				CLANG_WARN_STRICT_PROTOTYPES = YES;
				CLANG_WARN_SUSPICIOUS_MOVE = YES;
				CLANG_WARN_UNGUARDED_AVAILABILITY = YES_AGGRESSIVE;
				CLANG_WARN_UNREACHABLE_CODE = YES;
				CLANG_WARN__DUPLICATE_METHOD_MATCH = YES;
				CODE_SIGN_IDENTITY = "iPhone Developer";
				COPY_PHASE_STRIP = NO;
				DEBUG_INFORMATION_FORMAT = dwarf;
				ENABLE_STRICT_OBJC_MSGSEND = YES;
				ENABLE_TESTABILITY = YES;
				GCC_C_LANGUAGE_STANDARD = gnu11;
				GCC_DYNAMIC_NO_PIC = NO;
				GCC_NO_COMMON_BLOCKS = YES;
				GCC_OPTIMIZATION_LEVEL = 0;
				GCC_PREPROCESSOR_DEFINITIONS = (
					"DEBUG=1",
					"$(inherited)",
				);
				GCC_WARN_64_TO_32_BIT_CONVERSION = YES;
				GCC_WARN_ABOUT_RETURN_TYPE = YES_ERROR;
				GCC_WARN_UNDECLARED_SELECTOR = YES;
				GCC_WARN_UNINITIALIZED_AUTOS = YES_AGGRESSIVE;
				GCC_WARN_UNUSED_FUNCTION = YES;
				GCC_WARN_UNUSED_VARIABLE = YES;
				IPHONEOS_DEPLOYMENT_TARGET = 11.4;
				MTL_ENABLE_DEBUG_INFO = YES;
				ONLY_ACTIVE_ARCH = YES;
				SDKROOT = iphoneos;
				SWIFT_ACTIVE_COMPILATION_CONDITIONS = DEBUG;
				SWIFT_OPTIMIZATION_LEVEL = "-Onone";
			};
			name = Debug;
		};
		21337C5C21B0D3F8002306BA /* Release */ = {
			isa = XCBuildConfiguration;
			buildSettings = {
				ALWAYS_SEARCH_USER_PATHS = NO;
				CLANG_ANALYZER_NONNULL = YES;
				CLANG_ANALYZER_NUMBER_OBJECT_CONVERSION = YES_AGGRESSIVE;
				CLANG_CXX_LANGUAGE_STANDARD = "gnu++14";
				CLANG_CXX_LIBRARY = "libc++";
				CLANG_ENABLE_MODULES = YES;
				CLANG_ENABLE_OBJC_ARC = YES;
				CLANG_ENABLE_OBJC_WEAK = YES;
				CLANG_WARN_BLOCK_CAPTURE_AUTORELEASING = YES;
				CLANG_WARN_BOOL_CONVERSION = YES;
				CLANG_WARN_COMMA = YES;
				CLANG_WARN_CONSTANT_CONVERSION = YES;
				CLANG_WARN_DEPRECATED_OBJC_IMPLEMENTATIONS = YES;
				CLANG_WARN_DIRECT_OBJC_ISA_USAGE = YES_ERROR;
				CLANG_WARN_DOCUMENTATION_COMMENTS = YES;
				CLANG_WARN_EMPTY_BODY = YES;
				CLANG_WARN_ENUM_CONVERSION = YES;
				CLANG_WARN_INFINITE_RECURSION = YES;
				CLANG_WARN_INT_CONVERSION = YES;
				CLANG_WARN_NON_LITERAL_NULL_CONVERSION = YES;
				CLANG_WARN_OBJC_IMPLICIT_RETAIN_SELF = YES;
				CLANG_WARN_OBJC_LITERAL_CONVERSION = YES;
				CLANG_WARN_OBJC_ROOT_CLASS = YES_ERROR;
				CLANG_WARN_RANGE_LOOP_ANALYSIS = YES;
				CLANG_WARN_STRICT_PROTOTYPES = YES;
				CLANG_WARN_SUSPICIOUS_MOVE = YES;
				CLANG_WARN_UNGUARDED_AVAILABILITY = YES_AGGRESSIVE;
				CLANG_WARN_UNREACHABLE_CODE = YES;
				CLANG_WARN__DUPLICATE_METHOD_MATCH = YES;
				CODE_SIGN_IDENTITY = "iPhone Developer";
				COPY_PHASE_STRIP = NO;
				DEBUG_INFORMATION_FORMAT = "dwarf-with-dsym";
				ENABLE_NS_ASSERTIONS = NO;
				ENABLE_STRICT_OBJC_MSGSEND = YES;
				GCC_C_LANGUAGE_STANDARD = gnu11;
				GCC_NO_COMMON_BLOCKS = YES;
				GCC_WARN_64_TO_32_BIT_CONVERSION = YES;
				GCC_WARN_ABOUT_RETURN_TYPE = YES_ERROR;
				GCC_WARN_UNDECLARED_SELECTOR = YES;
				GCC_WARN_UNINITIALIZED_AUTOS = YES_AGGRESSIVE;
				GCC_WARN_UNUSED_FUNCTION = YES;
				GCC_WARN_UNUSED_VARIABLE = YES;
				IPHONEOS_DEPLOYMENT_TARGET = 11.4;
				MTL_ENABLE_DEBUG_INFO = NO;
				SDKROOT = iphoneos;
				SWIFT_COMPILATION_MODE = wholemodule;
				SWIFT_OPTIMIZATION_LEVEL = "-O";
				VALIDATE_PRODUCT = YES;
			};
			name = Release;
		};
		21337C5E21B0D3F8002306BA /* Debug */ = {
			isa = XCBuildConfiguration;
			buildSettings = {
				ASSETCATALOG_COMPILER_APPICON_NAME = AppIcon;
				CODE_SIGN_STYLE = Automatic;
				DEVELOPMENT_TEAM = 2PPARMGC27;
				INFOPLIST_FILE = eventView/Info.plist;
				LD_RUNPATH_SEARCH_PATHS = (
					"$(inherited)",
					"@executable_path/Frameworks",
				);
				PRODUCT_BUNDLE_IDENTIFIER = CSE438.eventView;
				PRODUCT_NAME = "$(TARGET_NAME)";
				SWIFT_VERSION = 4.0;
				TARGETED_DEVICE_FAMILY = "1,2";
			};
			name = Debug;
		};
		21337C5F21B0D3F8002306BA /* Release */ = {
			isa = XCBuildConfiguration;
			buildSettings = {
				ASSETCATALOG_COMPILER_APPICON_NAME = AppIcon;
				CODE_SIGN_STYLE = Automatic;
				DEVELOPMENT_TEAM = 2PPARMGC27;
				INFOPLIST_FILE = eventView/Info.plist;
				LD_RUNPATH_SEARCH_PATHS = (
					"$(inherited)",
					"@executable_path/Frameworks",
				);
				PRODUCT_BUNDLE_IDENTIFIER = CSE438.eventView;
				PRODUCT_NAME = "$(TARGET_NAME)";
				SWIFT_VERSION = 4.0;
				TARGETED_DEVICE_FAMILY = "1,2";
			};
			name = Release;
		};
		21337C6121B0D3F8002306BA /* Debug */ = {
			isa = XCBuildConfiguration;
			buildSettings = {
				ALWAYS_EMBED_SWIFT_STANDARD_LIBRARIES = YES;
				BUNDLE_LOADER = "$(TEST_HOST)";
				CODE_SIGN_STYLE = Automatic;
				DEVELOPMENT_TEAM = 2PPARMGC27;
				INFOPLIST_FILE = eventViewTests/Info.plist;
				LD_RUNPATH_SEARCH_PATHS = (
					"$(inherited)",
					"@executable_path/Frameworks",
					"@loader_path/Frameworks",
				);
				PRODUCT_BUNDLE_IDENTIFIER = CSE438.eventViewTests;
				PRODUCT_NAME = "$(TARGET_NAME)";
				SWIFT_VERSION = 4.0;
				TARGETED_DEVICE_FAMILY = "1,2";
				TEST_HOST = "$(BUILT_PRODUCTS_DIR)/eventView.app/eventView";
			};
			name = Debug;
		};
		21337C6221B0D3F8002306BA /* Release */ = {
			isa = XCBuildConfiguration;
			buildSettings = {
				ALWAYS_EMBED_SWIFT_STANDARD_LIBRARIES = YES;
				BUNDLE_LOADER = "$(TEST_HOST)";
				CODE_SIGN_STYLE = Automatic;
				DEVELOPMENT_TEAM = 2PPARMGC27;
				INFOPLIST_FILE = eventViewTests/Info.plist;
				LD_RUNPATH_SEARCH_PATHS = (
					"$(inherited)",
					"@executable_path/Frameworks",
					"@loader_path/Frameworks",
				);
				PRODUCT_BUNDLE_IDENTIFIER = CSE438.eventViewTests;
				PRODUCT_NAME = "$(TARGET_NAME)";
				SWIFT_VERSION = 4.0;
				TARGETED_DEVICE_FAMILY = "1,2";
				TEST_HOST = "$(BUILT_PRODUCTS_DIR)/eventView.app/eventView";
			};
			name = Release;
		};
		21337C6421B0D3F8002306BA /* Debug */ = {
			isa = XCBuildConfiguration;
			buildSettings = {
				ALWAYS_EMBED_SWIFT_STANDARD_LIBRARIES = YES;
				CODE_SIGN_STYLE = Automatic;
				DEVELOPMENT_TEAM = 2PPARMGC27;
				INFOPLIST_FILE = eventViewUITests/Info.plist;
				LD_RUNPATH_SEARCH_PATHS = (
					"$(inherited)",
					"@executable_path/Frameworks",
					"@loader_path/Frameworks",
				);
				PRODUCT_BUNDLE_IDENTIFIER = CSE438.eventViewUITests;
				PRODUCT_NAME = "$(TARGET_NAME)";
				SWIFT_VERSION = 4.0;
				TARGETED_DEVICE_FAMILY = "1,2";
				TEST_TARGET_NAME = eventView;
			};
			name = Debug;
		};
		21337C6521B0D3F8002306BA /* Release */ = {
			isa = XCBuildConfiguration;
			buildSettings = {
				ALWAYS_EMBED_SWIFT_STANDARD_LIBRARIES = YES;
				CODE_SIGN_STYLE = Automatic;
				DEVELOPMENT_TEAM = 2PPARMGC27;
				INFOPLIST_FILE = eventViewUITests/Info.plist;
				LD_RUNPATH_SEARCH_PATHS = (
					"$(inherited)",
					"@executable_path/Frameworks",
					"@loader_path/Frameworks",
				);
				PRODUCT_BUNDLE_IDENTIFIER = CSE438.eventViewUITests;
				PRODUCT_NAME = "$(TARGET_NAME)";
				SWIFT_VERSION = 4.0;
				TARGETED_DEVICE_FAMILY = "1,2";
				TEST_TARGET_NAME = eventView;
			};
			name = Release;
		};
/* End XCBuildConfiguration section */

/* Begin XCConfigurationList section */
		21337C2D21B0D3F2002306BA /* Build configuration list for PBXProject "eventView" */ = {
			isa = XCConfigurationList;
			buildConfigurations = (
				21337C5B21B0D3F8002306BA /* Debug */,
				21337C5C21B0D3F8002306BA /* Release */,
			);
			defaultConfigurationIsVisible = 0;
			defaultConfigurationName = Release;
		};
		21337C5D21B0D3F8002306BA /* Build configuration list for PBXNativeTarget "eventView" */ = {
			isa = XCConfigurationList;
			buildConfigurations = (
				21337C5E21B0D3F8002306BA /* Debug */,
				21337C5F21B0D3F8002306BA /* Release */,
			);
			defaultConfigurationIsVisible = 0;
			defaultConfigurationName = Release;
		};
		21337C6021B0D3F8002306BA /* Build configuration list for PBXNativeTarget "eventViewTests" */ = {
			isa = XCConfigurationList;
			buildConfigurations = (
				21337C6121B0D3F8002306BA /* Debug */,
				21337C6221B0D3F8002306BA /* Release */,
			);
			defaultConfigurationIsVisible = 0;
			defaultConfigurationName = Release;
		};
		21337C6321B0D3F8002306BA /* Build configuration list for PBXNativeTarget "eventViewUITests" */ = {
			isa = XCConfigurationList;
			buildConfigurations = (
				21337C6421B0D3F8002306BA /* Debug */,
				21337C6521B0D3F8002306BA /* Release */,
			);
			defaultConfigurationIsVisible = 0;
			defaultConfigurationName = Release;
		};
/* End XCConfigurationList section */

/* Begin XCVersionGroup section */
		21337C3C21B0D3F3002306BA /* eventView.xcdatamodeld */ = {
			isa = XCVersionGroup;
			children = (
				21337C3D21B0D3F3002306BA /* eventView.xcdatamodel */,
			);
			currentVersion = 21337C3D21B0D3F3002306BA /* eventView.xcdatamodel */;
			path = eventView.xcdatamodeld;
			sourceTree = "<group>";
			versionGroupType = wrapper.xcdatamodel;
		};
/* End XCVersionGroup section */
	};
	rootObject = 21337C2A21B0D3F2002306BA /* Project object */;
}
